// !$*UTF8*$!
{
	archiveVersion = 1;
	classes = {
	};
	objectVersion = 48;
	objects = {

/* Begin PBXBuildFile section */
		6C89A0D71F58DAB200751E68 /* AppDelegate.swift in Sources */ = {isa = PBXBuildFile; fileRef = 6C89A0D61F58DAB200751E68 /* AppDelegate.swift */; };
		6C89A0D91F58DAB200751E68 /* ViewController.swift in Sources */ = {isa = PBXBuildFile; fileRef = 6C89A0D81F58DAB200751E68 /* ViewController.swift */; };
		6C89A0DC1F58DAB200751E68 /* Main.storyboard in Resources */ = {isa = PBXBuildFile; fileRef = 6C89A0DA1F58DAB200751E68 /* Main.storyboard */; };
		6C89A0DE1F58DAB200751E68 /* Assets.xcassets in Resources */ = {isa = PBXBuildFile; fileRef = 6C89A0DD1F58DAB200751E68 /* Assets.xcassets */; };
		6C89A0E11F58DAB200751E68 /* LaunchScreen.storyboard in Resources */ = {isa = PBXBuildFile; fileRef = 6C89A0DF1F58DAB200751E68 /* LaunchScreen.storyboard */; };
		6C89A0EC1F58DAB200751E68 /* Hello_WorldTests.swift in Sources */ = {isa = PBXBuildFile; fileRef = 6C89A0EB1F58DAB200751E68 /* Hello_WorldTests.swift */; };
		6C89A0F71F58DAB200751E68 /* Hello_WorldUITests.swift in Sources */ = {isa = PBXBuildFile; fileRef = 6C89A0F61F58DAB200751E68 /* Hello_WorldUITests.swift */; };
/* End PBXBuildFile section */

/* Begin PBXContainerItemProxy section */
		6C89A0E81F58DAB200751E68 /* PBXContainerItemProxy */ = {
			isa = PBXContainerItemProxy;
			containerPortal = 6C89A0CB1F58DAB200751E68 /* Project object */;
			proxyType = 1;
			remoteGlobalIDString = 6C89A0D21F58DAB200751E68;
			remoteInfo = "Hello World";
		};
		6C89A0F31F58DAB200751E68 /* PBXContainerItemProxy */ = {
			isa = PBXContainerItemProxy;
			containerPortal = 6C89A0CB1F58DAB200751E68 /* Project object */;
			proxyType = 1;
			remoteGlobalIDString = 6C89A0D21F58DAB200751E68;
			remoteInfo = "Hello World";
		};
/* End PBXContainerItemProxy section */

/* Begin PBXFileReference section */
		6C89A0D31F58DAB200751E68 /* Hello World.app */ = {isa = PBXFileReference; explicitFileType = wrapper.application; includeInIndex = 0; path = "Hello World.app"; sourceTree = BUILT_PRODUCTS_DIR; };
		6C89A0D61F58DAB200751E68 /* AppDelegate.swift */ = {isa = PBXFileReference; lastKnownFileType = sourcecode.swift; path = AppDelegate.swift; sourceTree = "<group>"; };
		6C89A0D81F58DAB200751E68 /* ViewController.swift */ = {isa = PBXFileReference; lastKnownFileType = sourcecode.swift; path = ViewController.swift; sourceTree = "<group>"; };
		6C89A0DB1F58DAB200751E68 /* Base */ = {isa = PBXFileReference; lastKnownFileType = file.storyboard; name = Base; path = Base.lproj/Main.storyboard; sourceTree = "<group>"; };
		6C89A0DD1F58DAB200751E68 /* Assets.xcassets */ = {isa = PBXFileReference; lastKnownFileType = folder.assetcatalog; path = Assets.xcassets; sourceTree = "<group>"; };
		6C89A0E01F58DAB200751E68 /* Base */ = {isa = PBXFileReference; lastKnownFileType = file.storyboard; name = Base; path = Base.lproj/LaunchScreen.storyboard; sourceTree = "<group>"; };
		6C89A0E21F58DAB200751E68 /* Info.plist */ = {isa = PBXFileReference; lastKnownFileType = text.plist.xml; path = Info.plist; sourceTree = "<group>"; };
		6C89A0E71F58DAB200751E68 /* Hello WorldTests.xctest */ = {isa = PBXFileReference; explicitFileType = wrapper.cfbundle; includeInIndex = 0; path = "Hello WorldTests.xctest"; sourceTree = BUILT_PRODUCTS_DIR; };
		6C89A0EB1F58DAB200751E68 /* Hello_WorldTests.swift */ = {isa = PBXFileReference; lastKnownFileType = sourcecode.swift; path = Hello_WorldTests.swift; sourceTree = "<group>"; };
		6C89A0ED1F58DAB200751E68 /* Info.plist */ = {isa = PBXFileReference; lastKnownFileType = text.plist.xml; path = Info.plist; sourceTree = "<group>"; };
		6C89A0F21F58DAB200751E68 /* Hello WorldUITests.xctest */ = {isa = PBXFileReference; explicitFileType = wrapper.cfbundle; includeInIndex = 0; path = "Hello WorldUITests.xctest"; sourceTree = BUILT_PRODUCTS_DIR; };
		6C89A0F61F58DAB200751E68 /* Hello_WorldUITests.swift */ = {isa = PBXFileReference; lastKnownFileType = sourcecode.swift; path = Hello_WorldUITests.swift; sourceTree = "<group>"; };
		6C89A0F81F58DAB200751E68 /* Info.plist */ = {isa = PBXFileReference; lastKnownFileType = text.plist.xml; path = Info.plist; sourceTree = "<group>"; };
/* End PBXFileReference section */

/* Begin PBXFrameworksBuildPhase section */
		6C89A0D01F58DAB200751E68 /* Frameworks */ = {
			isa = PBXFrameworksBuildPhase;
			buildActionMask = 2147483647;
			files = (
			);
			runOnlyForDeploymentPostprocessing = 0;
		};
		6C89A0E41F58DAB200751E68 /* Frameworks */ = {
			isa = PBXFrameworksBuildPhase;
			buildActionMask = 2147483647;
			files = (
			);
			runOnlyForDeploymentPostprocessing = 0;
		};
		6C89A0EF1F58DAB200751E68 /* Frameworks */ = {
			isa = PBXFrameworksBuildPhase;
			buildActionMask = 2147483647;
			files = (
			);
			runOnlyForDeploymentPostprocessing = 0;
		};
/* End PBXFrameworksBuildPhase section */

/* Begin PBXGroup section */
		6C89A0CA1F58DAB200751E68 = {
			isa = PBXGroup;
			children = (
				6C89A0D51F58DAB200751E68 /* Hello World */,
				6C89A0EA1F58DAB200751E68 /* Hello WorldTests */,
				6C89A0F51F58DAB200751E68 /* Hello WorldUITests */,
				6C89A0D41F58DAB200751E68 /* Products */,
			);
			sourceTree = "<group>";
		};
		6C89A0D41F58DAB200751E68 /* Products */ = {
			isa = PBXGroup;
			children = (
				6C89A0D31F58DAB200751E68 /* Hello World.app */,
				6C89A0E71F58DAB200751E68 /* Hello WorldTests.xctest */,
				6C89A0F21F58DAB200751E68 /* Hello WorldUITests.xctest */,
			);
			name = Products;
			sourceTree = "<group>";
		};
		6C89A0D51F58DAB200751E68 /* Hello World */ = {
			isa = PBXGroup;
			children = (
				6C89A0D61F58DAB200751E68 /* AppDelegate.swift */,
				6C89A0D81F58DAB200751E68 /* ViewController.swift */,
				6C89A0DA1F58DAB200751E68 /* Main.storyboard */,
				6C89A0DD1F58DAB200751E68 /* Assets.xcassets */,
				6C89A0DF1F58DAB200751E68 /* LaunchScreen.storyboard */,
				6C89A0E21F58DAB200751E68 /* Info.plist */,
			);
			path = "Hello World";
			sourceTree = "<group>";
		};
		6C89A0EA1F58DAB200751E68 /* Hello WorldTests */ = {
			isa = PBXGroup;
			children = (
				6C89A0EB1F58DAB200751E68 /* Hello_WorldTests.swift */,
				6C89A0ED1F58DAB200751E68 /* Info.plist */,
			);
			path = "Hello WorldTests";
			sourceTree = "<group>";
		};
		6C89A0F51F58DAB200751E68 /* Hello WorldUITests */ = {
			isa = PBXGroup;
			children = (
				6C89A0F61F58DAB200751E68 /* Hello_WorldUITests.swift */,
				6C89A0F81F58DAB200751E68 /* Info.plist */,
			);
			path = "Hello WorldUITests";
			sourceTree = "<group>";
		};
/* End PBXGroup section */

/* Begin PBXNativeTarget section */
		6C89A0D21F58DAB200751E68 /* Hello World */ = {
			isa = PBXNativeTarget;
			buildConfigurationList = 6C89A0FB1F58DAB200751E68 /* Build configuration list for PBXNativeTarget "Hello World" */;
			buildPhases = (
				6C89A0CF1F58DAB200751E68 /* Sources */,
				6C89A0D01F58DAB200751E68 /* Frameworks */,
				6C89A0D11F58DAB200751E68 /* Resources */,
			);
			buildRules = (
			);
			dependencies = (
			);
			name = "Hello World";
			productName = "Hello World";
			productReference = 6C89A0D31F58DAB200751E68 /* Hello World.app */;
			productType = "com.apple.product-type.application";
		};
		6C89A0E61F58DAB200751E68 /* Hello WorldTests */ = {
			isa = PBXNativeTarget;
			buildConfigurationList = 6C89A0FE1F58DAB200751E68 /* Build configuration list for PBXNativeTarget "Hello WorldTests" */;
			buildPhases = (
				6C89A0E31F58DAB200751E68 /* Sources */,
				6C89A0E41F58DAB200751E68 /* Frameworks */,
				6C89A0E51F58DAB200751E68 /* Resources */,
			);
			buildRules = (
			);
			dependencies = (
				6C89A0E91F58DAB200751E68 /* PBXTargetDependency */,
			);
			name = "Hello WorldTests";
			productName = "Hello WorldTests";
			productReference = 6C89A0E71F58DAB200751E68 /* Hello WorldTests.xctest */;
			productType = "com.apple.product-type.bundle.unit-test";
		};
		6C89A0F11F58DAB200751E68 /* Hello WorldUITests */ = {
			isa = PBXNativeTarget;
			buildConfigurationList = 6C89A1011F58DAB200751E68 /* Build configuration list for PBXNativeTarget "Hello WorldUITests" */;
			buildPhases = (
				6C89A0EE1F58DAB200751E68 /* Sources */,
				6C89A0EF1F58DAB200751E68 /* Frameworks */,
				6C89A0F01F58DAB200751E68 /* Resources */,
			);
			buildRules = (
			);
			dependencies = (
				6C89A0F41F58DAB200751E68 /* PBXTargetDependency */,
			);
			name = "Hello WorldUITests";
			productName = "Hello WorldUITests";
			productReference = 6C89A0F21F58DAB200751E68 /* Hello WorldUITests.xctest */;
			productType = "com.apple.product-type.bundle.ui-testing";
		};
/* End PBXNativeTarget section */

/* Begin PBXProject section */
		6C89A0CB1F58DAB200751E68 /* Project object */ = {
			isa = PBXProject;
			attributes = {
				LastSwiftUpdateCheck = 0900;
				LastUpgradeCheck = 0900;
				ORGANIZATIONNAME = "Geoffrey Husser";
				TargetAttributes = {
					6C89A0D21F58DAB200751E68 = {
						CreatedOnToolsVersion = 9.0;
						ProvisioningStyle = Automatic;
					};
					6C89A0E61F58DAB200751E68 = {
						CreatedOnToolsVersion = 9.0;
						ProvisioningStyle = Automatic;
						TestTargetID = 6C89A0D21F58DAB200751E68;
					};
					6C89A0F11F58DAB200751E68 = {
						CreatedOnToolsVersion = 9.0;
						ProvisioningStyle = Automatic;
						TestTargetID = 6C89A0D21F58DAB200751E68;
					};
				};
			};
			buildConfigurationList = 6C89A0CE1F58DAB200751E68 /* Build configuration list for PBXProject "Hello World" */;
			compatibilityVersion = "Xcode 8.0";
			developmentRegion = en;
			hasScannedForEncodings = 0;
			knownRegions = (
				en,
				Base,
			);
			mainGroup = 6C89A0CA1F58DAB200751E68;
			productRefGroup = 6C89A0D41F58DAB200751E68 /* Products */;
			projectDirPath = "";
			projectRoot = "";
			targets = (
				6C89A0D21F58DAB200751E68 /* Hello World */,
				6C89A0E61F58DAB200751E68 /* Hello WorldTests */,
				6C89A0F11F58DAB200751E68 /* Hello WorldUITests */,
			);
		};
/* End PBXProject section */

/* Begin PBXResourcesBuildPhase section */
		6C89A0D11F58DAB200751E68 /* Resources */ = {
			isa = PBXResourcesBuildPhase;
			buildActionMask = 2147483647;
			files = (
				6C89A0E11F58DAB200751E68 /* LaunchScreen.storyboard in Resources */,
				6C89A0DE1F58DAB200751E68 /* Assets.xcassets in Resources */,
				6C89A0DC1F58DAB200751E68 /* Main.storyboard in Resources */,
			);
			runOnlyForDeploymentPostprocessing = 0;
		};
		6C89A0E51F58DAB200751E68 /* Resources */ = {
			isa = PBXResourcesBuildPhase;
			buildActionMask = 2147483647;
			files = (
			);
			runOnlyForDeploymentPostprocessing = 0;
		};
		6C89A0F01F58DAB200751E68 /* Resources */ = {
			isa = PBXResourcesBuildPhase;
			buildActionMask = 2147483647;
			files = (
			);
			runOnlyForDeploymentPostprocessing = 0;
		};
/* End PBXResourcesBuildPhase section */

/* Begin PBXSourcesBuildPhase section */
		6C89A0CF1F58DAB200751E68 /* Sources */ = {
			isa = PBXSourcesBuildPhase;
			buildActionMask = 2147483647;
			files = (
				6C89A0D91F58DAB200751E68 /* ViewController.swift in Sources */,
				6C89A0D71F58DAB200751E68 /* AppDelegate.swift in Sources */,
			);
			runOnlyForDeploymentPostprocessing = 0;
		};
		6C89A0E31F58DAB200751E68 /* Sources */ = {
			isa = PBXSourcesBuildPhase;
			buildActionMask = 2147483647;
			files = (
				6C89A0EC1F58DAB200751E68 /* Hello_WorldTests.swift in Sources */,
			);
			runOnlyForDeploymentPostprocessing = 0;
		};
		6C89A0EE1F58DAB200751E68 /* Sources */ = {
			isa = PBXSourcesBuildPhase;
			buildActionMask = 2147483647;
			files = (
				6C89A0F71F58DAB200751E68 /* Hello_WorldUITests.swift in Sources */,
			);
			runOnlyForDeploymentPostprocessing = 0;
		};
/* End PBXSourcesBuildPhase section */

/* Begin PBXTargetDependency section */
		6C89A0E91F58DAB200751E68 /* PBXTargetDependency */ = {
			isa = PBXTargetDependency;
			target = 6C89A0D21F58DAB200751E68 /* Hello World */;
			targetProxy = 6C89A0E81F58DAB200751E68 /* PBXContainerItemProxy */;
		};
		6C89A0F41F58DAB200751E68 /* PBXTargetDependency */ = {
			isa = PBXTargetDependency;
			target = 6C89A0D21F58DAB200751E68 /* Hello World */;
			targetProxy = 6C89A0F31F58DAB200751E68 /* PBXContainerItemProxy */;
		};
/* End PBXTargetDependency section */

/* Begin PBXVariantGroup section */
		6C89A0DA1F58DAB200751E68 /* Main.storyboard */ = {
			isa = PBXVariantGroup;
			children = (
				6C89A0DB1F58DAB200751E68 /* Base */,
			);
			name = Main.storyboard;
			sourceTree = "<group>";
		};
		6C89A0DF1F58DAB200751E68 /* LaunchScreen.storyboard */ = {
			isa = PBXVariantGroup;
			children = (
				6C89A0E01F58DAB200751E68 /* Base */,
			);
			name = LaunchScreen.storyboard;
			sourceTree = "<group>";
		};
/* End PBXVariantGroup section */

/* Begin XCBuildConfiguration section */
		6C89A0F91F58DAB200751E68 /* Debug */ = {
			isa = XCBuildConfiguration;
			buildSettings = {
				ALWAYS_SEARCH_USER_PATHS = NO;
				CLANG_ANALYZER_NONNULL = YES;
				CLANG_ANALYZER_NUMBER_OBJECT_CONVERSION = YES_AGGRESSIVE;
				CLANG_CXX_LANGUAGE_STANDARD = "gnu++14";
				CLANG_CXX_LIBRARY = "libc++";
				CLANG_ENABLE_MODULES = YES;
				CLANG_ENABLE_OBJC_ARC = YES;
				CLANG_WARN_BLOCK_CAPTURE_AUTORELEASING = YES;
				CLANG_WARN_BOOL_CONVERSION = YES;
				CLANG_WARN_COMMA = YES;
				CLANG_WARN_CONSTANT_CONVERSION = YES;
				CLANG_WARN_DIRECT_OBJC_ISA_USAGE = YES_ERROR;
				CLANG_WARN_DOCUMENTATION_COMMENTS = YES;
				CLANG_WARN_EMPTY_BODY = YES;
				CLANG_WARN_ENUM_CONVERSION = YES;
				CLANG_WARN_INFINITE_RECURSION = YES;
				CLANG_WARN_INT_CONVERSION = YES;
				CLANG_WARN_NON_LITERAL_NULL_CONVERSION = YES;
				CLANG_WARN_OBJC_LITERAL_CONVERSION = YES;
				CLANG_WARN_OBJC_ROOT_CLASS = YES_ERROR;
				CLANG_WARN_RANGE_LOOP_ANALYSIS = YES;
				CLANG_WARN_STRICT_PROTOTYPES = YES;
				CLANG_WARN_SUSPICIOUS_MOVE = YES;
				CLANG_WARN_UNGUARDED_AVAILABILITY = YES_AGGRESSIVE;
				CLANG_WARN_UNREACHABLE_CODE = YES;
				CLANG_WARN__DUPLICATE_METHOD_MATCH = YES;
				CODE_SIGN_IDENTITY = "iPhone Developer";
				COPY_PHASE_STRIP = NO;
				DEBUG_INFORMATION_FORMAT = dwarf;
				ENABLE_STRICT_OBJC_MSGSEND = YES;
				ENABLE_TESTABILITY = YES;
				GCC_C_LANGUAGE_STANDARD = gnu11;
				GCC_DYNAMIC_NO_PIC = NO;
				GCC_NO_COMMON_BLOCKS = YES;
				GCC_OPTIMIZATION_LEVEL = 0;
				GCC_PREPROCESSOR_DEFINITIONS = (
					"DEBUG=1",
					"$(inherited)",
				);
				GCC_WARN_64_TO_32_BIT_CONVERSION = YES;
				GCC_WARN_ABOUT_RETURN_TYPE = YES_ERROR;
				GCC_WARN_UNDECLARED_SELECTOR = YES;
				GCC_WARN_UNINITIALIZED_AUTOS = YES_AGGRESSIVE;
				GCC_WARN_UNUSED_FUNCTION = YES;
				GCC_WARN_UNUSED_VARIABLE = YES;
				IPHONEOS_DEPLOYMENT_TARGET = 11.0;
				MTL_ENABLE_DEBUG_INFO = YES;
				ONLY_ACTIVE_ARCH = YES;
				SDKROOT = iphoneos;
				SWIFT_ACTIVE_COMPILATION_CONDITIONS = DEBUG;
				SWIFT_OPTIMIZATION_LEVEL = "-Onone";
			};
			name = Debug;
		};
		6C89A0FA1F58DAB200751E68 /* Release */ = {
			isa = XCBuildConfiguration;
			buildSettings = {
				ALWAYS_SEARCH_USER_PATHS = NO;
				CLANG_ANALYZER_NONNULL = YES;
				CLANG_ANALYZER_NUMBER_OBJECT_CONVERSION = YES_AGGRESSIVE;
				CLANG_CXX_LANGUAGE_STANDARD = "gnu++14";
				CLANG_CXX_LIBRARY = "libc++";
				CLANG_ENABLE_MODULES = YES;
				CLANG_ENABLE_OBJC_ARC = YES;
				CLANG_WARN_BLOCK_CAPTURE_AUTORELEASING = YES;
				CLANG_WARN_BOOL_CONVERSION = YES;
				CLANG_WARN_COMMA = YES;
				CLANG_WARN_CONSTANT_CONVERSION = YES;
				CLANG_WARN_DIRECT_OBJC_ISA_USAGE = YES_ERROR;
				CLANG_WARN_DOCUMENTATION_COMMENTS = YES;
				CLANG_WARN_EMPTY_BODY = YES;
				CLANG_WARN_ENUM_CONVERSION = YES;
				CLANG_WARN_INFINITE_RECURSION = YES;
				CLANG_WARN_INT_CONVERSION = YES;
				CLANG_WARN_NON_LITERAL_NULL_CONVERSION = YES;
				CLANG_WARN_OBJC_LITERAL_CONVERSION = YES;
				CLANG_WARN_OBJC_ROOT_CLASS = YES_ERROR;
				CLANG_WARN_RANGE_LOOP_ANALYSIS = YES;
				CLANG_WARN_STRICT_PROTOTYPES = YES;
				CLANG_WARN_SUSPICIOUS_MOVE = YES;
				CLANG_WARN_UNGUARDED_AVAILABILITY = YES_AGGRESSIVE;
				CLANG_WARN_UNREACHABLE_CODE = YES;
				CLANG_WARN__DUPLICATE_METHOD_MATCH = YES;
				CODE_SIGN_IDENTITY = "iPhone Developer";
				COPY_PHASE_STRIP = NO;
				DEBUG_INFORMATION_FORMAT = "dwarf-with-dsym";
				ENABLE_NS_ASSERTIONS = NO;
				ENABLE_STRICT_OBJC_MSGSEND = YES;
				GCC_C_LANGUAGE_STANDARD = gnu11;
				GCC_NO_COMMON_BLOCKS = YES;
				GCC_WARN_64_TO_32_BIT_CONVERSION = YES;
				GCC_WARN_ABOUT_RETURN_TYPE = YES_ERROR;
				GCC_WARN_UNDECLARED_SELECTOR = YES;
				GCC_WARN_UNINITIALIZED_AUTOS = YES_AGGRESSIVE;
				GCC_WARN_UNUSED_FUNCTION = YES;
				GCC_WARN_UNUSED_VARIABLE = YES;
				IPHONEOS_DEPLOYMENT_TARGET = 11.0;
				MTL_ENABLE_DEBUG_INFO = NO;
				SDKROOT = iphoneos;
				SWIFT_OPTIMIZATION_LEVEL = "-Owholemodule";
				VALIDATE_PRODUCT = YES;
			};
			name = Release;
		};
		6C89A0FC1F58DAB200751E68 /* Debug */ = {
			isa = XCBuildConfiguration;
			buildSettings = {
				ASSETCATALOG_COMPILER_APPICON_NAME = AppIcon;
				CODE_SIGN_STYLE = Automatic;
				INFOPLIST_FILE = "Hello World/Info.plist";
				LD_RUNPATH_SEARCH_PATHS = "$(inherited) @executable_path/Frameworks";
				PRODUCT_BUNDLE_IDENTIFIER = "edu.missouri.Hello-World";
				PRODUCT_NAME = "$(TARGET_NAME)";
				SWIFT_VERSION = 4.0;
				TARGETED_DEVICE_FAMILY = "1,2";
			};
			name = Debug;
		};
		6C89A0FD1F58DAB200751E68 /* Release */ = {
			isa = XCBuildConfiguration;
			buildSettings = {
				ASSETCATALOG_COMPILER_APPICON_NAME = AppIcon;
				CODE_SIGN_STYLE = Automatic;
				INFOPLIST_FILE = "Hello World/Info.plist";
				LD_RUNPATH_SEARCH_PATHS = "$(inherited) @executable_path/Frameworks";
				PRODUCT_BUNDLE_IDENTIFIER = "edu.missouri.Hello-World";
				PRODUCT_NAME = "$(TARGET_NAME)";
				SWIFT_VERSION = 4.0;
				TARGETED_DEVICE_FAMILY = "1,2";
			};
			name = Release;
		};
		6C89A0FF1F58DAB200751E68 /* Debug */ = {
			isa = XCBuildConfiguration;
			buildSettings = {
				ALWAYS_EMBED_SWIFT_STANDARD_LIBRARIES = YES;
				BUNDLE_LOADER = "$(TEST_HOST)";
				CODE_SIGN_STYLE = Automatic;
				INFOPLIST_FILE = "Hello WorldTests/Info.plist";
				LD_RUNPATH_SEARCH_PATHS = "$(inherited) @executable_path/Frameworks @loader_path/Frameworks";
				PRODUCT_BUNDLE_IDENTIFIER = "edu.missouri.Hello-WorldTests";
				PRODUCT_NAME = "$(TARGET_NAME)";
				SWIFT_VERSION = 4.0;
				TARGETED_DEVICE_FAMILY = "1,2";
				TEST_HOST = "$(BUILT_PRODUCTS_DIR)/Hello World.app/Hello World";
			};
			name = Debug;
		};
		6C89A1001F58DAB200751E68 /* Release */ = {
			isa = XCBuildConfiguration;
			buildSettings = {
				ALWAYS_EMBED_SWIFT_STANDARD_LIBRARIES = YES;
				BUNDLE_LOADER = "$(TEST_HOST)";
				CODE_SIGN_STYLE = Automatic;
				INFOPLIST_FILE = "Hello WorldTests/Info.plist";
				LD_RUNPATH_SEARCH_PATHS = "$(inherited) @executable_path/Frameworks @loader_path/Frameworks";
				PRODUCT_BUNDLE_IDENTIFIER = "edu.missouri.Hello-WorldTests";
				PRODUCT_NAME = "$(TARGET_NAME)";
				SWIFT_VERSION = 4.0;
				TARGETED_DEVICE_FAMILY = "1,2";
				TEST_HOST = "$(BUILT_PRODUCTS_DIR)/Hello World.app/Hello World";
			};
			name = Release;
		};
		6C89A1021F58DAB200751E68 /* Debug */ = {
			isa = XCBuildConfiguration;
			buildSettings = {
				ALWAYS_EMBED_SWIFT_STANDARD_LIBRARIES = YES;
				CODE_SIGN_STYLE = Automatic;
				INFOPLIST_FILE = "Hello WorldUITests/Info.plist";
				LD_RUNPATH_SEARCH_PATHS = "$(inherited) @executable_path/Frameworks @loader_path/Frameworks";
				PRODUCT_BUNDLE_IDENTIFIER = "edu.missouri.Hello-WorldUITests";
				PRODUCT_NAME = "$(TARGET_NAME)";
				SWIFT_VERSION = 4.0;
				TARGETED_DEVICE_FAMILY = "1,2";
				TEST_TARGET_NAME = "Hello World";
			};
			name = Debug;
		};
		6C89A1031F58DAB200751E68 /* Release */ = {
			isa = XCBuildConfiguration;
			buildSettings = {
				ALWAYS_EMBED_SWIFT_STANDARD_LIBRARIES = YES;
				CODE_SIGN_STYLE = Automatic;
				INFOPLIST_FILE = "Hello WorldUITests/Info.plist";
				LD_RUNPATH_SEARCH_PATHS = "$(inherited) @executable_path/Frameworks @loader_path/Frameworks";
				PRODUCT_BUNDLE_IDENTIFIER = "edu.missouri.Hello-WorldUITests";
				PRODUCT_NAME = "$(TARGET_NAME)";
				SWIFT_VERSION = 4.0;
				TARGETED_DEVICE_FAMILY = "1,2";
				TEST_TARGET_NAME = "Hello World";
			};
			name = Release;
		};
/* End XCBuildConfiguration section */

/* Begin XCConfigurationList section */
		6C89A0CE1F58DAB200751E68 /* Build configuration list for PBXProject "Hello World" */ = {
			isa = XCConfigurationList;
			buildConfigurations = (
				6C89A0F91F58DAB200751E68 /* Debug */,
				6C89A0FA1F58DAB200751E68 /* Release */,
			);
			defaultConfigurationIsVisible = 0;
			defaultConfigurationName = Release;
		};
		6C89A0FB1F58DAB200751E68 /* Build configuration list for PBXNativeTarget "Hello World" */ = {
			isa = XCConfigurationList;
			buildConfigurations = (
				6C89A0FC1F58DAB200751E68 /* Debug */,
				6C89A0FD1F58DAB200751E68 /* Release */,
			);
			defaultConfigurationIsVisible = 0;
			defaultConfigurationName = Release;
		};
		6C89A0FE1F58DAB200751E68 /* Build configuration list for PBXNativeTarget "Hello WorldTests" */ = {
			isa = XCConfigurationList;
			buildConfigurations = (
				6C89A0FF1F58DAB200751E68 /* Debug */,
				6C89A1001F58DAB200751E68 /* Release */,
			);
			defaultConfigurationIsVisible = 0;
			defaultConfigurationName = Release;
		};
		6C89A1011F58DAB200751E68 /* Build configuration list for PBXNativeTarget "Hello WorldUITests" */ = {
			isa = XCConfigurationList;
			buildConfigurations = (
				6C89A1021F58DAB200751E68 /* Debug */,
				6C89A1031F58DAB200751E68 /* Release */,
			);
			defaultConfigurationIsVisible = 0;
			defaultConfigurationName = Release;
		};
/* End XCConfigurationList section */
	};
	rootObject = 6C89A0CB1F58DAB200751E68 /* Project object */;
}
